{
    "_readme": [
        "This file locks the dependencies of your project to a known state",
        "Read more about it at https://getcomposer.org/doc/01-basic-usage.md#installing-dependencies",
        "This file is @generated automatically"
    ],
    "content-hash": "2a064efdf4f880aac71908d8be493575",
    "packages": [
        {
            "name": "sailthru/sailthru-php5-client",
            "version": "1.2.4",
            "source": {
                "type": "git",
                "url": "https://github.com/sailthru/sailthru-php5-client.git",
                "reference": "37f8ff4981b087a307de4d0c4ea09f326060da60"
            },
            "dist": {
                "type": "zip",
                "url": "https://api.github.com/repos/sailthru/sailthru-php5-client/zipball/37f8ff4981b087a307de4d0c4ea09f326060da60",
                "reference": "37f8ff4981b087a307de4d0c4ea09f326060da60",
                "shasum": ""
            },
            "require-dev": {
                "phpunit/phpunit": "~4.8"
            },
            "type": "library",
            "autoload": {
                "classmap": [
                    "sailthru/"
                ]
            },
            "notification-url": "https://packagist.org/downloads/",
            "license": [
                "MIT"
            ],
            "description": "Sailthru PHP5 Client",
            "homepage": "http://github.com/sailthru/sailthru-php5-client",
            "support": {
                "issues": "https://github.com/sailthru/sailthru-php5-client/issues",
                "source": "https://github.com/sailthru/sailthru-php5-client/tree/1.2.4"
            },
            "time": "2017-08-02T21:34:23+00:00"
        }
    ],
    "packages-dev": [],
    "aliases": [],
    "minimum-stability": "stable",
    "stability-flags": [],
    "prefer-stable": false,
    "prefer-lowest": false,
    "platform": [],
    "platform-dev": [],
    "plugin-api-version": "2.3.0"
}
